// !$*UTF8*$!
{
	archiveVersion = 1;
	classes = {
	};
	objectVersion = 46;
	objects = {

/* Begin PBXBuildFile section */
		C11CF8CB1F3FD1190096E997 /* main.m in Sources */ = {isa = PBXBuildFile; fileRef = C11CF8CA1F3FD1190096E997 /* main.m */; };
		C11CF8CE1F3FD1190096E997 /* AppDelegate.m in Sources */ = {isa = PBXBuildFile; fileRef = C11CF8CD1F3FD1190096E997 /* AppDelegate.m */; };
		C11CF8D11F3FD1190096E997 /* ViewController.m in Sources */ = {isa = PBXBuildFile; fileRef = C11CF8D01F3FD1190096E997 /* ViewController.m */; };
		C11CF8D41F3FD1190096E997 /* Main.storyboard in Resources */ = {isa = PBXBuildFile; fileRef = C11CF8D21F3FD1190096E997 /* Main.storyboard */; };
		C11CF8D71F3FD1190096E997 /* Week5_NoteTaker.xcdatamodeld in Sources */ = {isa = PBXBuildFile; fileRef = C11CF8D51F3FD1190096E997 /* Week5_NoteTaker.xcdatamodeld */; };
		C11CF8D91F3FD1190096E997 /* Assets.xcassets in Resources */ = {isa = PBXBuildFile; fileRef = C11CF8D81F3FD1190096E997 /* Assets.xcassets */; };
		C11CF8DC1F3FD1190096E997 /* LaunchScreen.storyboard in Resources */ = {isa = PBXBuildFile; fileRef = C11CF8DA1F3FD1190096E997 /* LaunchScreen.storyboard */; };
		C11CF8E71F3FD1190096E997 /* Week5_NoteTakerTests.m in Sources */ = {isa = PBXBuildFile; fileRef = C11CF8E61F3FD1190096E997 /* Week5_NoteTakerTests.m */; };
		C11CF8F21F3FD1190096E997 /* Week5_NoteTakerUITests.m in Sources */ = {isa = PBXBuildFile; fileRef = C11CF8F11F3FD1190096E997 /* Week5_NoteTakerUITests.m */; };
		C1C1C1C11F401BBC00C20AAA /* NoteCell.m in Sources */ = {isa = PBXBuildFile; fileRef = C1C1C1C01F401BBC00C20AAA /* NoteCell.m */; };
/* End PBXBuildFile section */

/* Begin PBXContainerItemProxy section */
		C11CF8E31F3FD1190096E997 /* PBXContainerItemProxy */ = {
			isa = PBXContainerItemProxy;
			containerPortal = C11CF8BE1F3FD1190096E997 /* Project object */;
			proxyType = 1;
			remoteGlobalIDString = C11CF8C51F3FD1190096E997;
			remoteInfo = "Week5-NoteTaker";
		};
		C11CF8EE1F3FD1190096E997 /* PBXContainerItemProxy */ = {
			isa = PBXContainerItemProxy;
			containerPortal = C11CF8BE1F3FD1190096E997 /* Project object */;
			proxyType = 1;
			remoteGlobalIDString = C11CF8C51F3FD1190096E997;
			remoteInfo = "Week5-NoteTaker";
		};
/* End PBXContainerItemProxy section */

/* Begin PBXFileReference section */
		C11CF8C61F3FD1190096E997 /* Week5-NoteTaker.app */ = {isa = PBXFileReference; explicitFileType = wrapper.application; includeInIndex = 0; path = "Week5-NoteTaker.app"; sourceTree = BUILT_PRODUCTS_DIR; };
		C11CF8CA1F3FD1190096E997 /* main.m */ = {isa = PBXFileReference; lastKnownFileType = sourcecode.c.objc; path = main.m; sourceTree = "<group>"; };
		C11CF8CC1F3FD1190096E997 /* AppDelegate.h */ = {isa = PBXFileReference; lastKnownFileType = sourcecode.c.h; path = AppDelegate.h; sourceTree = "<group>"; };
		C11CF8CD1F3FD1190096E997 /* AppDelegate.m */ = {isa = PBXFileReference; lastKnownFileType = sourcecode.c.objc; path = AppDelegate.m; sourceTree = "<group>"; };
		C11CF8CF1F3FD1190096E997 /* ViewController.h */ = {isa = PBXFileReference; lastKnownFileType = sourcecode.c.h; path = ViewController.h; sourceTree = "<group>"; };
		C11CF8D01F3FD1190096E997 /* ViewController.m */ = {isa = PBXFileReference; lastKnownFileType = sourcecode.c.objc; path = ViewController.m; sourceTree = "<group>"; };
		C11CF8D31F3FD1190096E997 /* Base */ = {isa = PBXFileReference; lastKnownFileType = file.storyboard; name = Base; path = Base.lproj/Main.storyboard; sourceTree = "<group>"; };
		C11CF8D61F3FD1190096E997 /* Week5_NoteTaker.xcdatamodel */ = {isa = PBXFileReference; lastKnownFileType = wrapper.xcdatamodel; path = Week5_NoteTaker.xcdatamodel; sourceTree = "<group>"; };
		C11CF8D81F3FD1190096E997 /* Assets.xcassets */ = {isa = PBXFileReference; lastKnownFileType = folder.assetcatalog; path = Assets.xcassets; sourceTree = "<group>"; };
		C11CF8DB1F3FD1190096E997 /* Base */ = {isa = PBXFileReference; lastKnownFileType = file.storyboard; name = Base; path = Base.lproj/LaunchScreen.storyboard; sourceTree = "<group>"; };
		C11CF8DD1F3FD1190096E997 /* Info.plist */ = {isa = PBXFileReference; lastKnownFileType = text.plist.xml; path = Info.plist; sourceTree = "<group>"; };
		C11CF8E21F3FD1190096E997 /* Week5-NoteTakerTests.xctest */ = {isa = PBXFileReference; explicitFileType = wrapper.cfbundle; includeInIndex = 0; path = "Week5-NoteTakerTests.xctest"; sourceTree = BUILT_PRODUCTS_DIR; };
		C11CF8E61F3FD1190096E997 /* Week5_NoteTakerTests.m */ = {isa = PBXFileReference; lastKnownFileType = sourcecode.c.objc; path = Week5_NoteTakerTests.m; sourceTree = "<group>"; };
		C11CF8E81F3FD1190096E997 /* Info.plist */ = {isa = PBXFileReference; lastKnownFileType = text.plist.xml; path = Info.plist; sourceTree = "<group>"; };
		C11CF8ED1F3FD1190096E997 /* Week5-NoteTakerUITests.xctest */ = {isa = PBXFileReference; explicitFileType = wrapper.cfbundle; includeInIndex = 0; path = "Week5-NoteTakerUITests.xctest"; sourceTree = BUILT_PRODUCTS_DIR; };
		C11CF8F11F3FD1190096E997 /* Week5_NoteTakerUITests.m */ = {isa = PBXFileReference; lastKnownFileType = sourcecode.c.objc; path = Week5_NoteTakerUITests.m; sourceTree = "<group>"; };
		C11CF8F31F3FD1190096E997 /* Info.plist */ = {isa = PBXFileReference; lastKnownFileType = text.plist.xml; path = Info.plist; sourceTree = "<group>"; };
		C1C1C1BF1F401BBC00C20AAA /* NoteCell.h */ = {isa = PBXFileReference; fileEncoding = 4; lastKnownFileType = sourcecode.c.h; path = NoteCell.h; sourceTree = "<group>"; };
		C1C1C1C01F401BBC00C20AAA /* NoteCell.m */ = {isa = PBXFileReference; fileEncoding = 4; lastKnownFileType = sourcecode.c.objc; path = NoteCell.m; sourceTree = "<group>"; };
/* End PBXFileReference section */

/* Begin PBXFrameworksBuildPhase section */
		C11CF8C31F3FD1190096E997 /* Frameworks */ = {
			isa = PBXFrameworksBuildPhase;
			buildActionMask = 2147483647;
			files = (
			);
			runOnlyForDeploymentPostprocessing = 0;
		};
		C11CF8DF1F3FD1190096E997 /* Frameworks */ = {
			isa = PBXFrameworksBuildPhase;
			buildActionMask = 2147483647;
			files = (
			);
			runOnlyForDeploymentPostprocessing = 0;
		};
		C11CF8EA1F3FD1190096E997 /* Frameworks */ = {
			isa = PBXFrameworksBuildPhase;
			buildActionMask = 2147483647;
			files = (
			);
			runOnlyForDeploymentPostprocessing = 0;
		};
/* End PBXFrameworksBuildPhase section */

/* Begin PBXGroup section */
		C11CF8BD1F3FD1190096E997 = {
			isa = PBXGroup;
			children = (
				C11CF8C81F3FD1190096E997 /* Week5-NoteTaker */,
				C11CF8E51F3FD1190096E997 /* Week5-NoteTakerTests */,
				C11CF8F01F3FD1190096E997 /* Week5-NoteTakerUITests */,
				C11CF8C71F3FD1190096E997 /* Products */,
			);
			sourceTree = "<group>";
		};
		C11CF8C71F3FD1190096E997 /* Products */ = {
			isa = PBXGroup;
			children = (
				C11CF8C61F3FD1190096E997 /* Week5-NoteTaker.app */,
				C11CF8E21F3FD1190096E997 /* Week5-NoteTakerTests.xctest */,
				C11CF8ED1F3FD1190096E997 /* Week5-NoteTakerUITests.xctest */,
			);
			name = Products;
			sourceTree = "<group>";
		};
		C11CF8C81F3FD1190096E997 /* Week5-NoteTaker */ = {
			isa = PBXGroup;
			children = (
				C11CF8CC1F3FD1190096E997 /* AppDelegate.h */,
				C11CF8CD1F3FD1190096E997 /* AppDelegate.m */,
				C11CF8CF1F3FD1190096E997 /* ViewController.h */,
				C11CF8D01F3FD1190096E997 /* ViewController.m */,
				C1C1C1BF1F401BBC00C20AAA /* NoteCell.h */,
				C1C1C1C01F401BBC00C20AAA /* NoteCell.m */,
				C11CF8D21F3FD1190096E997 /* Main.storyboard */,
				C11CF8D81F3FD1190096E997 /* Assets.xcassets */,
				C11CF8DA1F3FD1190096E997 /* LaunchScreen.storyboard */,
				C11CF8DD1F3FD1190096E997 /* Info.plist */,
				C11CF8D51F3FD1190096E997 /* Week5_NoteTaker.xcdatamodeld */,
				C11CF8C91F3FD1190096E997 /* Supporting Files */,
			);
			path = "Week5-NoteTaker";
			sourceTree = "<group>";
		};
		C11CF8C91F3FD1190096E997 /* Supporting Files */ = {
			isa = PBXGroup;
			children = (
				C11CF8CA1F3FD1190096E997 /* main.m */,
			);
			name = "Supporting Files";
			sourceTree = "<group>";
		};
		C11CF8E51F3FD1190096E997 /* Week5-NoteTakerTests */ = {
			isa = PBXGroup;
			children = (
				C11CF8E61F3FD1190096E997 /* Week5_NoteTakerTests.m */,
				C11CF8E81F3FD1190096E997 /* Info.plist */,
			);
			path = "Week5-NoteTakerTests";
			sourceTree = "<group>";
		};
		C11CF8F01F3FD1190096E997 /* Week5-NoteTakerUITests */ = {
			isa = PBXGroup;
			children = (
				C11CF8F11F3FD1190096E997 /* Week5_NoteTakerUITests.m */,
				C11CF8F31F3FD1190096E997 /* Info.plist */,
			);
			path = "Week5-NoteTakerUITests";
			sourceTree = "<group>";
		};
/* End PBXGroup section */

/* Begin PBXNativeTarget section */
		C11CF8C51F3FD1190096E997 /* Week5-NoteTaker */ = {
			isa = PBXNativeTarget;
			buildConfigurationList = C11CF8F61F3FD1190096E997 /* Build configuration list for PBXNativeTarget "Week5-NoteTaker" */;
			buildPhases = (
				C11CF8C21F3FD1190096E997 /* Sources */,
				C11CF8C31F3FD1190096E997 /* Frameworks */,
				C11CF8C41F3FD1190096E997 /* Resources */,
			);
			buildRules = (
			);
			dependencies = (
			);
			name = "Week5-NoteTaker";
			productName = "Week5-NoteTaker";
			productReference = C11CF8C61F3FD1190096E997 /* Week5-NoteTaker.app */;
			productType = "com.apple.product-type.application";
		};
		C11CF8E11F3FD1190096E997 /* Week5-NoteTakerTests */ = {
			isa = PBXNativeTarget;
			buildConfigurationList = C11CF8F91F3FD1190096E997 /* Build configuration list for PBXNativeTarget "Week5-NoteTakerTests" */;
			buildPhases = (
				C11CF8DE1F3FD1190096E997 /* Sources */,
				C11CF8DF1F3FD1190096E997 /* Frameworks */,
				C11CF8E01F3FD1190096E997 /* Resources */,
			);
			buildRules = (
			);
			dependencies = (
				C11CF8E41F3FD1190096E997 /* PBXTargetDependency */,
			);
			name = "Week5-NoteTakerTests";
			productName = "Week5-NoteTakerTests";
			productReference = C11CF8E21F3FD1190096E997 /* Week5-NoteTakerTests.xctest */;
			productType = "com.apple.product-type.bundle.unit-test";
		};
		C11CF8EC1F3FD1190096E997 /* Week5-NoteTakerUITests */ = {
			isa = PBXNativeTarget;
			buildConfigurationList = C11CF8FC1F3FD1190096E997 /* Build configuration list for PBXNativeTarget "Week5-NoteTakerUITests" */;
			buildPhases = (
				C11CF8E91F3FD1190096E997 /* Sources */,
				C11CF8EA1F3FD1190096E997 /* Frameworks */,
				C11CF8EB1F3FD1190096E997 /* Resources */,
			);
			buildRules = (
			);
			dependencies = (
				C11CF8EF1F3FD1190096E997 /* PBXTargetDependency */,
			);
			name = "Week5-NoteTakerUITests";
			productName = "Week5-NoteTakerUITests";
			productReference = C11CF8ED1F3FD1190096E997 /* Week5-NoteTakerUITests.xctest */;
			productType = "com.apple.product-type.bundle.ui-testing";
		};
/* End PBXNativeTarget section */

/* Begin PBXProject section */
		C11CF8BE1F3FD1190096E997 /* Project object */ = {
			isa = PBXProject;
			attributes = {
				LastUpgradeCheck = 0830;
				ORGANIZATIONNAME = "Patrick Moening";
				TargetAttributes = {
					C11CF8C51F3FD1190096E997 = {
						CreatedOnToolsVersion = 8.3.3;
						DevelopmentTeam = 9ML6JXQQMC;
						ProvisioningStyle = Automatic;
					};
					C11CF8E11F3FD1190096E997 = {
						CreatedOnToolsVersion = 8.3.3;
						DevelopmentTeam = 9ML6JXQQMC;
						ProvisioningStyle = Automatic;
						TestTargetID = C11CF8C51F3FD1190096E997;
					};
					C11CF8EC1F3FD1190096E997 = {
						CreatedOnToolsVersion = 8.3.3;
						DevelopmentTeam = 9ML6JXQQMC;
						ProvisioningStyle = Automatic;
						TestTargetID = C11CF8C51F3FD1190096E997;
					};
				};
			};
			buildConfigurationList = C11CF8C11F3FD1190096E997 /* Build configuration list for PBXProject "Week5-NoteTaker" */;
			compatibilityVersion = "Xcode 3.2";
			developmentRegion = English;
			hasScannedForEncodings = 0;
			knownRegions = (
				en,
				Base,
			);
			mainGroup = C11CF8BD1F3FD1190096E997;
			productRefGroup = C11CF8C71F3FD1190096E997 /* Products */;
			projectDirPath = "";
			projectRoot = "";
			targets = (
				C11CF8C51F3FD1190096E997 /* Week5-NoteTaker */,
				C11CF8E11F3FD1190096E997 /* Week5-NoteTakerTests */,
				C11CF8EC1F3FD1190096E997 /* Week5-NoteTakerUITests */,
			);
		};
/* End PBXProject section */

/* Begin PBXResourcesBuildPhase section */
		C11CF8C41F3FD1190096E997 /* Resources */ = {
			isa = PBXResourcesBuildPhase;
			buildActionMask = 2147483647;
			files = (
				C11CF8DC1F3FD1190096E997 /* LaunchScreen.storyboard in Resources */,
				C11CF8D91F3FD1190096E997 /* Assets.xcassets in Resources */,
				C11CF8D41F3FD1190096E997 /* Main.storyboard in Resources */,
			);
			runOnlyForDeploymentPostprocessing = 0;
		};
		C11CF8E01F3FD1190096E997 /* Resources */ = {
			isa = PBXResourcesBuildPhase;
			buildActionMask = 2147483647;
			files = (
			);
			runOnlyForDeploymentPostprocessing = 0;
		};
		C11CF8EB1F3FD1190096E997 /* Resources */ = {
			isa = PBXResourcesBuildPhase;
			buildActionMask = 2147483647;
			files = (
			);
			runOnlyForDeploymentPostprocessing = 0;
		};
/* End PBXResourcesBuildPhase section */

/* Begin PBXSourcesBuildPhase section */
		C11CF8C21F3FD1190096E997 /* Sources */ = {
			isa = PBXSourcesBuildPhase;
			buildActionMask = 2147483647;
			files = (
				C1C1C1C11F401BBC00C20AAA /* NoteCell.m in Sources */,
				C11CF8D11F3FD1190096E997 /* ViewController.m in Sources */,
				C11CF8D71F3FD1190096E997 /* Week5_NoteTaker.xcdatamodeld in Sources */,
				C11CF8CE1F3FD1190096E997 /* AppDelegate.m in Sources */,
				C11CF8CB1F3FD1190096E997 /* main.m in Sources */,
			);
			runOnlyForDeploymentPostprocessing = 0;
		};
		C11CF8DE1F3FD1190096E997 /* Sources */ = {
			isa = PBXSourcesBuildPhase;
			buildActionMask = 2147483647;
			files = (
				C11CF8E71F3FD1190096E997 /* Week5_NoteTakerTests.m in Sources */,
			);
			runOnlyForDeploymentPostprocessing = 0;
		};
		C11CF8E91F3FD1190096E997 /* Sources */ = {
			isa = PBXSourcesBuildPhase;
			buildActionMask = 2147483647;
			files = (
				C11CF8F21F3FD1190096E997 /* Week5_NoteTakerUITests.m in Sources */,
			);
			runOnlyForDeploymentPostprocessing = 0;
		};
/* End PBXSourcesBuildPhase section */

/* Begin PBXTargetDependency section */
		C11CF8E41F3FD1190096E997 /* PBXTargetDependency */ = {
			isa = PBXTargetDependency;
			target = C11CF8C51F3FD1190096E997 /* Week5-NoteTaker */;
			targetProxy = C11CF8E31F3FD1190096E997 /* PBXContainerItemProxy */;
		};
		C11CF8EF1F3FD1190096E997 /* PBXTargetDependency */ = {
			isa = PBXTargetDependency;
			target = C11CF8C51F3FD1190096E997 /* Week5-NoteTaker */;
			targetProxy = C11CF8EE1F3FD1190096E997 /* PBXContainerItemProxy */;
		};
/* End PBXTargetDependency section */

/* Begin PBXVariantGroup section */
		C11CF8D21F3FD1190096E997 /* Main.storyboard */ = {
			isa = PBXVariantGroup;
			children = (
				C11CF8D31F3FD1190096E997 /* Base */,
			);
			name = Main.storyboard;
			sourceTree = "<group>";
		};
		C11CF8DA1F3FD1190096E997 /* LaunchScreen.storyboard */ = {
			isa = PBXVariantGroup;
			children = (
				C11CF8DB1F3FD1190096E997 /* Base */,
			);
			name = LaunchScreen.storyboard;
			sourceTree = "<group>";
		};
/* End PBXVariantGroup section */

/* Begin XCBuildConfiguration section */
		C11CF8F41F3FD1190096E997 /* Debug */ = {
			isa = XCBuildConfiguration;
			buildSettings = {
				ALWAYS_SEARCH_USER_PATHS = NO;
				CLANG_ANALYZER_NONNULL = YES;
				CLANG_ANALYZER_NUMBER_OBJECT_CONVERSION = YES_AGGRESSIVE;
				CLANG_CXX_LANGUAGE_STANDARD = "gnu++0x";
				CLANG_CXX_LIBRARY = "libc++";
				CLANG_ENABLE_MODULES = YES;
				CLANG_ENABLE_OBJC_ARC = YES;
				CLANG_WARN_BOOL_CONVERSION = YES;
				CLANG_WARN_CONSTANT_CONVERSION = YES;
				CLANG_WARN_DIRECT_OBJC_ISA_USAGE = YES_ERROR;
				CLANG_WARN_DOCUMENTATION_COMMENTS = YES;
				CLANG_WARN_EMPTY_BODY = YES;
				CLANG_WARN_ENUM_CONVERSION = YES;
				CLANG_WARN_INFINITE_RECURSION = YES;
				CLANG_WARN_INT_CONVERSION = YES;
				CLANG_WARN_OBJC_ROOT_CLASS = YES_ERROR;
				CLANG_WARN_SUSPICIOUS_MOVE = YES;
				CLANG_WARN_UNREACHABLE_CODE = YES;
				CLANG_WARN__DUPLICATE_METHOD_MATCH = YES;
				"CODE_SIGN_IDENTITY[sdk=iphoneos*]" = "iPhone Developer";
				COPY_PHASE_STRIP = NO;
				DEBUG_INFORMATION_FORMAT = dwarf;
				ENABLE_STRICT_OBJC_MSGSEND = YES;
				ENABLE_TESTABILITY = YES;
				GCC_C_LANGUAGE_STANDARD = gnu99;
				GCC_DYNAMIC_NO_PIC = NO;
				GCC_NO_COMMON_BLOCKS = YES;
				GCC_OPTIMIZATION_LEVEL = 0;
				GCC_PREPROCESSOR_DEFINITIONS = (
					"DEBUG=1",
					"$(inherited)",
				);
				GCC_WARN_64_TO_32_BIT_CONVERSION = YES;
				GCC_WARN_ABOUT_RETURN_TYPE = YES_ERROR;
				GCC_WARN_UNDECLARED_SELECTOR = YES;
				GCC_WARN_UNINITIALIZED_AUTOS = YES_AGGRESSIVE;
				GCC_WARN_UNUSED_FUNCTION = YES;
				GCC_WARN_UNUSED_VARIABLE = YES;
				IPHONEOS_DEPLOYMENT_TARGET = 10.3;
				MTL_ENABLE_DEBUG_INFO = YES;
				ONLY_ACTIVE_ARCH = YES;
				SDKROOT = iphoneos;
				TARGETED_DEVICE_FAMILY = "1,2";
			};
			name = Debug;
		};
		C11CF8F51F3FD1190096E997 /* Release */ = {
			isa = XCBuildConfiguration;
			buildSettings = {
				ALWAYS_SEARCH_USER_PATHS = NO;
				CLANG_ANALYZER_NONNULL = YES;
				CLANG_ANALYZER_NUMBER_OBJECT_CONVERSION = YES_AGGRESSIVE;
				CLANG_CXX_LANGUAGE_STANDARD = "gnu++0x";
				CLANG_CXX_LIBRARY = "libc++";
				CLANG_ENABLE_MODULES = YES;
				CLANG_ENABLE_OBJC_ARC = YES;
				CLANG_WARN_BOOL_CONVERSION = YES;
				CLANG_WARN_CONSTANT_CONVERSION = YES;
				CLANG_WARN_DIRECT_OBJC_ISA_USAGE = YES_ERROR;
				CLANG_WARN_DOCUMENTATION_COMMENTS = YES;
				CLANG_WARN_EMPTY_BODY = YES;
				CLANG_WARN_ENUM_CONVERSION = YES;
				CLANG_WARN_INFINITE_RECURSION = YES;
				CLANG_WARN_INT_CONVERSION = YES;
				CLANG_WARN_OBJC_ROOT_CLASS = YES_ERROR;
				CLANG_WARN_SUSPICIOUS_MOVE = YES;
				CLANG_WARN_UNREACHABLE_CODE = YES;
				CLANG_WARN__DUPLICATE_METHOD_MATCH = YES;
				"CODE_SIGN_IDENTITY[sdk=iphoneos*]" = "iPhone Developer";
				COPY_PHASE_STRIP = NO;
				DEBUG_INFORMATION_FORMAT = "dwarf-with-dsym";
				ENABLE_NS_ASSERTIONS = NO;
				ENABLE_STRICT_OBJC_MSGSEND = YES;
				GCC_C_LANGUAGE_STANDARD = gnu99;
				GCC_NO_COMMON_BLOCKS = YES;
				GCC_WARN_64_TO_32_BIT_CONVERSION = YES;
				GCC_WARN_ABOUT_RETURN_TYPE = YES_ERROR;
				GCC_WARN_UNDECLARED_SELECTOR = YES;
				GCC_WARN_UNINITIALIZED_AUTOS = YES_AGGRESSIVE;
				GCC_WARN_UNUSED_FUNCTION = YES;
				GCC_WARN_UNUSED_VARIABLE = YES;
				IPHONEOS_DEPLOYMENT_TARGET = 10.3;
				MTL_ENABLE_DEBUG_INFO = NO;
				SDKROOT = iphoneos;
				TARGETED_DEVICE_FAMILY = "1,2";
				VALIDATE_PRODUCT = YES;
			};
			name = Release;
		};
		C11CF8F71F3FD1190096E997 /* Debug */ = {
			isa = XCBuildConfiguration;
			buildSettings = {
				ASSETCATALOG_COMPILER_APPICON_NAME = AppIcon;
				DEVELOPMENT_TEAM = 9ML6JXQQMC;
				INFOPLIST_FILE = "Week5-NoteTaker/Info.plist";
				LD_RUNPATH_SEARCH_PATHS = "$(inherited) @executable_path/Frameworks";
				PRODUCT_BUNDLE_IDENTIFIER = "com.patrickmoening.Week5-NoteTaker";
				PRODUCT_NAME = "$(TARGET_NAME)";
			};
			name = Debug;
		};
		C11CF8F81F3FD1190096E997 /* Release */ = {
			isa = XCBuildConfiguration;
			buildSettings = {
				ASSETCATALOG_COMPILER_APPICON_NAME = AppIcon;
				DEVELOPMENT_TEAM = 9ML6JXQQMC;
				INFOPLIST_FILE = "Week5-NoteTaker/Info.plist";
				LD_RUNPATH_SEARCH_PATHS = "$(inherited) @executable_path/Frameworks";
				PRODUCT_BUNDLE_IDENTIFIER = "com.patrickmoening.Week5-NoteTaker";
				PRODUCT_NAME = "$(TARGET_NAME)";
			};
			name = Release;
		};
		C11CF8FA1F3FD1190096E997 /* Debug */ = {
			isa = XCBuildConfiguration;
			buildSettings = {
				BUNDLE_LOADER = "$(TEST_HOST)";
				DEVELOPMENT_TEAM = 9ML6JXQQMC;
				INFOPLIST_FILE = "Week5-NoteTakerTests/Info.plist";
				LD_RUNPATH_SEARCH_PATHS = "$(inherited) @executable_path/Frameworks @loader_path/Frameworks";
				PRODUCT_BUNDLE_IDENTIFIER = "com.patrickmoening.Week5-NoteTakerTests";
				PRODUCT_NAME = "$(TARGET_NAME)";
				TEST_HOST = "$(BUILT_PRODUCTS_DIR)/Week5-NoteTaker.app/Week5-NoteTaker";
			};
			name = Debug;
		};
		C11CF8FB1F3FD1190096E997 /* Release */ = {
			isa = XCBuildConfiguration;
			buildSettings = {
				BUNDLE_LOADER = "$(TEST_HOST)";
				DEVELOPMENT_TEAM = 9ML6JXQQMC;
				INFOPLIST_FILE = "Week5-NoteTakerTests/Info.plist";
				LD_RUNPATH_SEARCH_PATHS = "$(inherited) @executable_path/Frameworks @loader_path/Frameworks";
				PRODUCT_BUNDLE_IDENTIFIER = "com.patrickmoening.Week5-NoteTakerTests";
				PRODUCT_NAME = "$(TARGET_NAME)";
				TEST_HOST = "$(BUILT_PRODUCTS_DIR)/Week5-NoteTaker.app/Week5-NoteTaker";
			};
			name = Release;
		};
		C11CF8FD1F3FD1190096E997 /* Debug */ = {
			isa = XCBuildConfiguration;
			buildSettings = {
				DEVELOPMENT_TEAM = 9ML6JXQQMC;
				INFOPLIST_FILE = "Week5-NoteTakerUITests/Info.plist";
				LD_RUNPATH_SEARCH_PATHS = "$(inherited) @executable_path/Frameworks @loader_path/Frameworks";
				PRODUCT_BUNDLE_IDENTIFIER = "com.patrickmoening.Week5-NoteTakerUITests";
				PRODUCT_NAME = "$(TARGET_NAME)";
				TEST_TARGET_NAME = "Week5-NoteTaker";
			};
			name = Debug;
		};
		C11CF8FE1F3FD1190096E997 /* Release */ = {
			isa = XCBuildConfiguration;
			buildSettings = {
				DEVELOPMENT_TEAM = 9ML6JXQQMC;
				INFOPLIST_FILE = "Week5-NoteTakerUITests/Info.plist";
				LD_RUNPATH_SEARCH_PATHS = "$(inherited) @executable_path/Frameworks @loader_path/Frameworks";
				PRODUCT_BUNDLE_IDENTIFIER = "com.patrickmoening.Week5-NoteTakerUITests";
				PRODUCT_NAME = "$(TARGET_NAME)";
				TEST_TARGET_NAME = "Week5-NoteTaker";
			};
			name = Release;
		};
/* End XCBuildConfiguration section */

/* Begin XCConfigurationList section */
		C11CF8C11F3FD1190096E997 /* Build configuration list for PBXProject "Week5-NoteTaker" */ = {
			isa = XCConfigurationList;
			buildConfigurations = (
				C11CF8F41F3FD1190096E997 /* Debug */,
				C11CF8F51F3FD1190096E997 /* Release */,
			);
			defaultConfigurationIsVisible = 0;
			defaultConfigurationName = Release;
		};
		C11CF8F61F3FD1190096E997 /* Build configuration list for PBXNativeTarget "Week5-NoteTaker" */ = {
			isa = XCConfigurationList;
			buildConfigurations = (
				C11CF8F71F3FD1190096E997 /* Debug */,
				C11CF8F81F3FD1190096E997 /* Release */,
			);
			defaultConfigurationIsVisible = 0;
			defaultConfigurationName = Release;
		};
		C11CF8F91F3FD1190096E997 /* Build configuration list for PBXNativeTarget "Week5-NoteTakerTests" */ = {
			isa = XCConfigurationList;
			buildConfigurations = (
				C11CF8FA1F3FD1190096E997 /* Debug */,
				C11CF8FB1F3FD1190096E997 /* Release */,
			);
			defaultConfigurationIsVisible = 0;
			defaultConfigurationName = Release;
		};
		C11CF8FC1F3FD1190096E997 /* Build configuration list for PBXNativeTarget "Week5-NoteTakerUITests" */ = {
			isa = XCConfigurationList;
			buildConfigurations = (
				C11CF8FD1F3FD1190096E997 /* Debug */,
				C11CF8FE1F3FD1190096E997 /* Release */,
			);
			defaultConfigurationIsVisible = 0;
			defaultConfigurationName = Release;
		};
/* End XCConfigurationList section */

/* Begin XCVersionGroup section */
		C11CF8D51F3FD1190096E997 /* Week5_NoteTaker.xcdatamodeld */ = {
			isa = XCVersionGroup;
			children = (
				C11CF8D61F3FD1190096E997 /* Week5_NoteTaker.xcdatamodel */,
			);
			currentVersion = C11CF8D61F3FD1190096E997 /* Week5_NoteTaker.xcdatamodel */;
			path = Week5_NoteTaker.xcdatamodeld;
			sourceTree = "<group>";
			versionGroupType = wrapper.xcdatamodel;
		};
/* End XCVersionGroup section */
	};
	rootObject = C11CF8BE1F3FD1190096E997 /* Project object */;
}
